
Microsoft Visual Studio Solution File, Format Version 12.00
# Visual Studio Version 17
VisualStudioVersion = 17.14.36518.9
MinimumVisualStudioVersion = 10.0.40219.1
Project("{FAE04EC0-301F-11D3-BF4B-00C04F79EFBC}") = "HotelBooking.Application", "src\HotelBooking.Application\HotelBooking.Application.csproj", "{B3E874BE-0954-46F3-BE10-92CE35670256}"
EndProject
Project("{FAE04EC0-301F-11D3-BF4B-00C04F79EFBC}") = "HotelBooking.Api", "src\HotelBooking.Api\HotelBooking.Api.csproj", "{ABB84DBB-FCFF-40DD-A62B-AFB5A54A7499}"
EndProject
Project("{FAE04EC0-301F-11D3-BF4B-00C04F79EFBC}") = "HotelBooking.Domain", "src\HotelBooking.Domain\HotelBooking.Domain.csproj", "{4F128719-7AC5-4132-8F90-4F7C6C656344}"
EndProject
Project("{FAE04EC0-301F-11D3-BF4B-00C04F79EFBC}") = "HotelBooking.Infrastructure", "src\HotelBooking.Infrastructure\HotelBooking.Infrastructure.csproj", "{C6AA5A04-9D7D-42A2-9694-2AB78D7318DA}"
EndProject
Project("{2150E333-8FDC-42A3-9474-1A3956D46DE8}") = "src", "src", "{02EA681E-C7D8-13C7-8484-4AC65E1B71E8}"
EndProject
Project("{FAE04EC0-301F-11D3-BF4B-00C04F79EFBC}") = "HotelBooking.Application.Tests", "tests\HotelBooking.Application.Tests\HotelBooking.Application.Tests.csproj", "{F11ABB9D-BD66-4C00-8494-9A95D750E5DB}"
EndProject
Project("{2150E333-8FDC-42A3-9474-1A3956D46DE8}") = "tests", "tests", "{60D1D404-4987-4321-AA55-30EE868A7360}"
EndProject
Global
	GlobalSection(SolutionConfigurationPlatforms) = preSolution
		Debug|Any CPU = Debug|Any CPU
		Release|Any CPU = Release|Any CPU
	EndGlobalSection
	GlobalSection(ProjectConfigurationPlatforms) = postSolution
		{B3E874BE-0954-46F3-BE10-92CE35670256}.Debug|Any CPU.ActiveCfg = Debug|Any CPU
		{B3E874BE-0954-46F3-BE10-92CE35670256}.Debug|Any CPU.Build.0 = Debug|Any CPU
		{B3E874BE-0954-46F3-BE10-92CE35670256}.Release|Any CPU.ActiveCfg = Release|Any CPU
		{B3E874BE-0954-46F3-BE10-92CE35670256}.Release|Any CPU.Build.0 = Release|Any CPU
		{ABB84DBB-FCFF-40DD-A62B-AFB5A54A7499}.Debug|Any CPU.ActiveCfg = Debug|Any CPU
		{ABB84DBB-FCFF-40DD-A62B-AFB5A54A7499}.Debug|Any CPU.Build.0 = Debug|Any CPU
		{ABB84DBB-FCFF-40DD-A62B-AFB5A54A7499}.Release|Any CPU.ActiveCfg = Release|Any CPU
		{ABB84DBB-FCFF-40DD-A62B-AFB5A54A7499}.Release|Any CPU.Build.0 = Release|Any CPU
		{4F128719-7AC5-4132-8F90-4F7C6C656344}.Debug|Any CPU.ActiveCfg = Debug|Any CPU
		{4F128719-7AC5-4132-8F90-4F7C6C656344}.Debug|Any CPU.Build.0 = Debug|Any CPU
		{4F128719-7AC5-4132-8F90-4F7C6C656344}.Release|Any CPU.ActiveCfg = Release|Any CPU
		{4F128719-7AC5-4132-8F90-4F7C6C656344}.Release|Any CPU.Build.0 = Release|Any CPU
		{C6AA5A04-9D7D-42A2-9694-2AB78D7318DA}.Debug|Any CPU.ActiveCfg = Debug|Any CPU
		{C6AA5A04-9D7D-42A2-9694-2AB78D7318DA}.Debug|Any CPU.Build.0 = Debug|Any CPU
		{C6AA5A04-9D7D-42A2-9694-2AB78D7318DA}.Release|Any CPU.ActiveCfg = Release|Any CPU
		{C6AA5A04-9D7D-42A2-9694-2AB78D7318DA}.Release|Any CPU.Build.0 = Release|Any CPU
		{F11ABB9D-BD66-4C00-8494-9A95D750E5DB}.Debug|Any CPU.ActiveCfg = Debug|Any CPU
		{F11ABB9D-BD66-4C00-8494-9A95D750E5DB}.Debug|Any CPU.Build.0 = Debug|Any CPU
		{F11ABB9D-BD66-4C00-8494-9A95D750E5DB}.Release|Any CPU.ActiveCfg = Release|Any CPU
		{F11ABB9D-BD66-4C00-8494-9A95D750E5DB}.Release|Any CPU.Build.0 = Release|Any CPU
	EndGlobalSection
	GlobalSection(SolutionProperties) = preSolution
		HideSolutionNode = FALSE
	EndGlobalSection
	GlobalSection(NestedProjects) = preSolution
		{B3E874BE-0954-46F3-BE10-92CE35670256} = {02EA681E-C7D8-13C7-8484-4AC65E1B71E8}
		{ABB84DBB-FCFF-40DD-A62B-AFB5A54A7499} = {02EA681E-C7D8-13C7-8484-4AC65E1B71E8}
		{4F128719-7AC5-4132-8F90-4F7C6C656344} = {02EA681E-C7D8-13C7-8484-4AC65E1B71E8}
		{C6AA5A04-9D7D-42A2-9694-2AB78D7318DA} = {02EA681E-C7D8-13C7-8484-4AC65E1B71E8}
		{F11ABB9D-BD66-4C00-8494-9A95D750E5DB} = {60D1D404-4987-4321-AA55-30EE868A7360}
	EndGlobalSection
	GlobalSection(ExtensibilityGlobals) = postSolution
		SolutionGuid = {AFB01B3D-3084-4419-BFC1-09D7828E7E5F}
	EndGlobalSection
EndGlobal
